# THIS IS AN AUTOGENERATED FILE. DO NOT EDIT THIS FILE DIRECTLY.
# yarn lockfile v1


"@types/node@^7.0.10":
  version "7.10.10"
  resolved "https://registry.yarnpkg.com/@types/node/-/node-7.10.10.tgz#af1d109f45cda5bd7510035f0fda0c2e13e3ec15"
  integrity sha512-gvuWz7pNex4xCFqk/2Z/x1J4AO7kZxgv4iSZH0dwZHYiFuO7rQr06xnBoiarrd8bcOxlqQCFv7MsKcAVq3FFfQ==

bindings@1.2.x:
  version "1.2.1"
  resolved "https://registry.yarnpkg.com/bindings/-/bindings-1.2.1.tgz#14ad6113812d2d37d72e67b4cacb4bb726505f11"
  integrity sha1-FK1hE4EtLTfXLme0ystLtyZQXxE=

nan@latest:
  version "2.14.1"
  resolved "https://registry.yarnpkg.com/nan/-/nan-2.14.1.tgz#d7be34dfa3105b91494c3147089315eff8874b01"
  integrity sha512-isWHgVjnFjh2x2yuJ/tj3JbwoHu3UC2dX5G/88Cm24yB6YopVgxvBObDY7n5xW6ExmFhJpSEQqFPvq9zaXc8Jw==

stable@^0.1.8:
  version "0.1.8"
  resolved "https://registry.yarnpkg.com/stable/-/stable-0.1.8.tgz#836eb3c8382fe2936feaf544631017ce7d47a3cf"
  integrity sha512-ji9qxRnOVfcuLDySj9qzhGSEFVobyt1kIOSkj1qZzYLzq7Tos/oUUWvotUPQLlrsidqsK6tBH89Bc9kL5zHA6w==
